<?xml version="1.0" encoding="utf-8"?>
<Project ToolsVersion="4.0" xmlns="http://schemas.microsoft.com/developer/msbuild/2003">
  <ItemGroup>
    <Filter Include="include">
      <UniqueIdentifier>{7a7fb866-db9d-4083-8faa-9d5fdbb79bb6}</UniqueIdentifier>
    </Filter>
    <Filter Include="src">
      <UniqueIdentifier>{20db1992-3f6e-4c1b-a508-9feca3b95ecb}</UniqueIdentifier>
    </Filter>
  </ItemGroup>
  <ItemGroup>
    <ClCompile Include="src\main_converter.cpp">
      <Filter>src</Filter>
    </ClCompile>
  </ItemGroup>
  <ItemGroup>
    <ClInclude Include="include\Conversion.h">
      <Filter>include</Filter>
    </ClInclude>
  </ItemGroup>
  <ItemGroup>
    <None Include=".gitignore" />
  </ItemGroup>
  <ItemGroup>
    <CudaCompile Include="src\Conversion.cu">
      <Filter>src</Filter>
    </CudaCompile>
    <CudaCompile Include="src\GpuUtils.cu">
      <Filter>src</Filter>
    </CudaCompile>
  </ItemGroup>
</Project>